// !$*UTF8*$!
{
	archiveVersion = 1;
	classes = {
	};
	objectVersion = 46;
	objects = {

/* Begin PBXBuildFile section */
		36F115DF1CA4268700917EAB /* Spirit.swift in Sources */ = {isa = PBXBuildFile; fileRef = 36F115DE1CA4268700917EAB /* Spirit.swift */; };
		36F115E11CA4888600917EAB /* DataSource.swift in Sources */ = {isa = PBXBuildFile; fileRef = 36F115E01CA4888600917EAB /* DataSource.swift */; };
		624A5F8E1CA3856D00D20B52 /* CocktailTableViewController.swift in Sources */ = {isa = PBXBuildFile; fileRef = 624A5F8D1CA3856D00D20B52 /* CocktailTableViewController.swift */; };
		624A5F911CA385FF00D20B52 /* Cocktail.swift in Sources */ = {isa = PBXBuildFile; fileRef = 624A5F901CA385FF00D20B52 /* Cocktail.swift */; };
		624A5F931CA38A4500D20B52 /* CocktailTableViewModel.swift in Sources */ = {isa = PBXBuildFile; fileRef = 624A5F921CA38A4500D20B52 /* CocktailTableViewModel.swift */; };
		62549FC71CA5CFD700428B91 /* ContainerController.swift in Sources */ = {isa = PBXBuildFile; fileRef = 62549FC61CA5CFD700428B91 /* ContainerController.swift */; };
		62C047B51CA3842E0043DC1A /* AppDelegate.swift in Sources */ = {isa = PBXBuildFile; fileRef = 62C047B41CA3842E0043DC1A /* AppDelegate.swift */; };
		62C047B71CA3842E0043DC1A /* CocktailController.swift in Sources */ = {isa = PBXBuildFile; fileRef = 62C047B61CA3842E0043DC1A /* CocktailController.swift */; };
		62C047BA1CA3842E0043DC1A /* Main.storyboard in Resources */ = {isa = PBXBuildFile; fileRef = 62C047B81CA3842E0043DC1A /* Main.storyboard */; };
		62C047BC1CA3842E0043DC1A /* Assets.xcassets in Resources */ = {isa = PBXBuildFile; fileRef = 62C047BB1CA3842E0043DC1A /* Assets.xcassets */; };
		62C047BF1CA3842E0043DC1A /* LaunchScreen.storyboard in Resources */ = {isa = PBXBuildFile; fileRef = 62C047BD1CA3842E0043DC1A /* LaunchScreen.storyboard */; };
		62C047CA1CA3842E0043DC1A /* TableSearchTests.swift in Sources */ = {isa = PBXBuildFile; fileRef = 62C047C91CA3842E0043DC1A /* TableSearchTests.swift */; };
		62C047D51CA3842E0043DC1A /* TableSearchUITests.swift in Sources */ = {isa = PBXBuildFile; fileRef = 62C047D41CA3842E0043DC1A /* TableSearchUITests.swift */; };
/* End PBXBuildFile section */

/* Begin PBXContainerItemProxy section */
		62C047C61CA3842E0043DC1A /* PBXContainerItemProxy */ = {
			isa = PBXContainerItemProxy;
			containerPortal = 62C047A91CA3842E0043DC1A /* Project object */;
			proxyType = 1;
			remoteGlobalIDString = 62C047B01CA3842E0043DC1A;
			remoteInfo = TableSearch;
		};
		62C047D11CA3842E0043DC1A /* PBXContainerItemProxy */ = {
			isa = PBXContainerItemProxy;
			containerPortal = 62C047A91CA3842E0043DC1A /* Project object */;
			proxyType = 1;
			remoteGlobalIDString = 62C047B01CA3842E0043DC1A;
			remoteInfo = TableSearch;
		};
/* End PBXContainerItemProxy section */

/* Begin PBXFileReference section */
		36F115DE1CA4268700917EAB /* Spirit.swift */ = {isa = PBXFileReference; fileEncoding = 4; lastKnownFileType = sourcecode.swift; path = Spirit.swift; sourceTree = "<group>"; };
		36F115E01CA4888600917EAB /* DataSource.swift */ = {isa = PBXFileReference; fileEncoding = 4; lastKnownFileType = sourcecode.swift; path = DataSource.swift; sourceTree = "<group>"; };
		624A5F8D1CA3856D00D20B52 /* CocktailTableViewController.swift */ = {isa = PBXFileReference; fileEncoding = 4; lastKnownFileType = sourcecode.swift; path = CocktailTableViewController.swift; sourceTree = "<group>"; };
		624A5F901CA385FF00D20B52 /* Cocktail.swift */ = {isa = PBXFileReference; fileEncoding = 4; lastKnownFileType = sourcecode.swift; path = Cocktail.swift; sourceTree = "<group>"; };
		624A5F921CA38A4500D20B52 /* CocktailTableViewModel.swift */ = {isa = PBXFileReference; fileEncoding = 4; lastKnownFileType = sourcecode.swift; path = CocktailTableViewModel.swift; sourceTree = "<group>"; };
		62549FC61CA5CFD700428B91 /* ContainerController.swift */ = {isa = PBXFileReference; fileEncoding = 4; lastKnownFileType = sourcecode.swift; path = ContainerController.swift; sourceTree = "<group>"; };
		62C047B11CA3842E0043DC1A /* TableSearch.app */ = {isa = PBXFileReference; explicitFileType = wrapper.application; includeInIndex = 0; path = TableSearch.app; sourceTree = BUILT_PRODUCTS_DIR; };
		62C047B41CA3842E0043DC1A /* AppDelegate.swift */ = {isa = PBXFileReference; lastKnownFileType = sourcecode.swift; path = AppDelegate.swift; sourceTree = "<group>"; };
		62C047B61CA3842E0043DC1A /* CocktailController.swift */ = {isa = PBXFileReference; lastKnownFileType = sourcecode.swift; path = CocktailController.swift; sourceTree = "<group>"; };
		62C047B91CA3842E0043DC1A /* Base */ = {isa = PBXFileReference; lastKnownFileType = file.storyboard; name = Base; path = Base.lproj/Main.storyboard; sourceTree = "<group>"; };
		62C047BB1CA3842E0043DC1A /* Assets.xcassets */ = {isa = PBXFileReference; lastKnownFileType = folder.assetcatalog; path = Assets.xcassets; sourceTree = "<group>"; };
		62C047BE1CA3842E0043DC1A /* Base */ = {isa = PBXFileReference; lastKnownFileType = file.storyboard; name = Base; path = Base.lproj/LaunchScreen.storyboard; sourceTree = "<group>"; };
		62C047C01CA3842E0043DC1A /* Info.plist */ = {isa = PBXFileReference; lastKnownFileType = text.plist.xml; path = Info.plist; sourceTree = "<group>"; };
		62C047C51CA3842E0043DC1A /* TableSearchTests.xctest */ = {isa = PBXFileReference; explicitFileType = wrapper.cfbundle; includeInIndex = 0; path = TableSearchTests.xctest; sourceTree = BUILT_PRODUCTS_DIR; };
		62C047C91CA3842E0043DC1A /* TableSearchTests.swift */ = {isa = PBXFileReference; lastKnownFileType = sourcecode.swift; path = TableSearchTests.swift; sourceTree = "<group>"; };
		62C047CB1CA3842E0043DC1A /* Info.plist */ = {isa = PBXFileReference; lastKnownFileType = text.plist.xml; path = Info.plist; sourceTree = "<group>"; };
		62C047D01CA3842E0043DC1A /* TableSearchUITests.xctest */ = {isa = PBXFileReference; explicitFileType = wrapper.cfbundle; includeInIndex = 0; path = TableSearchUITests.xctest; sourceTree = BUILT_PRODUCTS_DIR; };
		62C047D41CA3842E0043DC1A /* TableSearchUITests.swift */ = {isa = PBXFileReference; lastKnownFileType = sourcecode.swift; path = TableSearchUITests.swift; sourceTree = "<group>"; };
		62C047D61CA3842E0043DC1A /* Info.plist */ = {isa = PBXFileReference; lastKnownFileType = text.plist.xml; path = Info.plist; sourceTree = "<group>"; };
/* End PBXFileReference section */

/* Begin PBXFrameworksBuildPhase section */
		62C047AE1CA3842E0043DC1A /* Frameworks */ = {
			isa = PBXFrameworksBuildPhase;
			buildActionMask = 2147483647;
			files = (
			);
			runOnlyForDeploymentPostprocessing = 0;
		};
		62C047C21CA3842E0043DC1A /* Frameworks */ = {
			isa = PBXFrameworksBuildPhase;
			buildActionMask = 2147483647;
			files = (
			);
			runOnlyForDeploymentPostprocessing = 0;
		};
		62C047CD1CA3842E0043DC1A /* Frameworks */ = {
			isa = PBXFrameworksBuildPhase;
			buildActionMask = 2147483647;
			files = (
			);
			runOnlyForDeploymentPostprocessing = 0;
		};
/* End PBXFrameworksBuildPhase section */

/* Begin PBXGroup section */
		624A5F8A1CA3849500D20B52 /* Tests */ = {
			isa = PBXGroup;
			children = (
				62C047D31CA3842E0043DC1A /* UITests */,
				62C047C81CA3842E0043DC1A /* UnitTests */,
			);
			path = Tests;
			sourceTree = "<group>";
		};
		624A5F8B1CA3849F00D20B52 /* Resources */ = {
			isa = PBXGroup;
			children = (
				62C047BB1CA3842E0043DC1A /* Assets.xcassets */,
				62C047BD1CA3842E0043DC1A /* LaunchScreen.storyboard */,
				62C047B81CA3842E0043DC1A /* Main.storyboard */,
			);
			path = Resources;
			sourceTree = "<group>";
		};
		624A5F8C1CA384A400D20B52 /* SupportFiles */ = {
			isa = PBXGroup;
			children = (
				62C047C01CA3842E0043DC1A /* Info.plist */,
			);
			path = SupportFiles;
			sourceTree = "<group>";
		};
		624A5F8F1CA3859500D20B52 /* Models */ = {
			isa = PBXGroup;
			children = (
				624A5F901CA385FF00D20B52 /* Cocktail.swift */,
				36F115DE1CA4268700917EAB /* Spirit.swift */,
				36F115E01CA4888600917EAB /* DataSource.swift */,
			);
			path = Models;
			sourceTree = "<group>";
		};
		62C047A81CA3842E0043DC1A = {
			isa = PBXGroup;
			children = (
				62C047B21CA3842E0043DC1A /* Products */,
				624A5F8B1CA3849F00D20B52 /* Resources */,
				62C047B31CA3842E0043DC1A /* Source */,
				624A5F8C1CA384A400D20B52 /* SupportFiles */,
				624A5F8A1CA3849500D20B52 /* Tests */,
			);
			sourceTree = "<group>";
		};
		62C047B21CA3842E0043DC1A /* Products */ = {
			isa = PBXGroup;
			children = (
				62C047B11CA3842E0043DC1A /* TableSearch.app */,
				62C047C51CA3842E0043DC1A /* TableSearchTests.xctest */,
				62C047D01CA3842E0043DC1A /* TableSearchUITests.xctest */,
			);
			name = Products;
			sourceTree = "<group>";
		};
		62C047B31CA3842E0043DC1A /* Source */ = {
			isa = PBXGroup;
			children = (
				624A5F8F1CA3859500D20B52 /* Models */,
				62C047B41CA3842E0043DC1A /* AppDelegate.swift */,
				62549FC61CA5CFD700428B91 /* ContainerController.swift */,
				624A5F8D1CA3856D00D20B52 /* CocktailTableViewController.swift */,
				624A5F921CA38A4500D20B52 /* CocktailTableViewModel.swift */,
				62C047B61CA3842E0043DC1A /* CocktailController.swift */,
			);
			path = Source;
			sourceTree = "<group>";
		};
		62C047C81CA3842E0043DC1A /* UnitTests */ = {
			isa = PBXGroup;
			children = (
				62C047CB1CA3842E0043DC1A /* Info.plist */,
				62C047C91CA3842E0043DC1A /* TableSearchTests.swift */,
			);
			path = UnitTests;
			sourceTree = "<group>";
		};
		62C047D31CA3842E0043DC1A /* UITests */ = {
			isa = PBXGroup;
			children = (
				62C047D61CA3842E0043DC1A /* Info.plist */,
				62C047D41CA3842E0043DC1A /* TableSearchUITests.swift */,
			);
			path = UITests;
			sourceTree = "<group>";
		};
/* End PBXGroup section */

/* Begin PBXNativeTarget section */
		62C047B01CA3842E0043DC1A /* TableSearch */ = {
			isa = PBXNativeTarget;
			buildConfigurationList = 62C047D91CA3842E0043DC1A /* Build configuration list for PBXNativeTarget "TableSearch" */;
			buildPhases = (
				62C047AD1CA3842E0043DC1A /* Sources */,
				62C047AE1CA3842E0043DC1A /* Frameworks */,
				62C047AF1CA3842E0043DC1A /* Resources */,
			);
			buildRules = (
			);
			dependencies = (
			);
			name = TableSearch;
			productName = TableSearch;
			productReference = 62C047B11CA3842E0043DC1A /* TableSearch.app */;
			productType = "com.apple.product-type.application";
		};
		62C047C41CA3842E0043DC1A /* TableSearchTests */ = {
			isa = PBXNativeTarget;
			buildConfigurationList = 62C047DC1CA3842E0043DC1A /* Build configuration list for PBXNativeTarget "TableSearchTests" */;
			buildPhases = (
				62C047C11CA3842E0043DC1A /* Sources */,
				62C047C21CA3842E0043DC1A /* Frameworks */,
				62C047C31CA3842E0043DC1A /* Resources */,
			);
			buildRules = (
			);
			dependencies = (
				62C047C71CA3842E0043DC1A /* PBXTargetDependency */,
			);
			name = TableSearchTests;
			productName = TableSearchTests;
			productReference = 62C047C51CA3842E0043DC1A /* TableSearchTests.xctest */;
			productType = "com.apple.product-type.bundle.unit-test";
		};
		62C047CF1CA3842E0043DC1A /* TableSearchUITests */ = {
			isa = PBXNativeTarget;
			buildConfigurationList = 62C047DF1CA3842E0043DC1A /* Build configuration list for PBXNativeTarget "TableSearchUITests" */;
			buildPhases = (
				62C047CC1CA3842E0043DC1A /* Sources */,
				62C047CD1CA3842E0043DC1A /* Frameworks */,
				62C047CE1CA3842E0043DC1A /* Resources */,
			);
			buildRules = (
			);
			dependencies = (
				62C047D21CA3842E0043DC1A /* PBXTargetDependency */,
			);
			name = TableSearchUITests;
			productName = TableSearchUITests;
			productReference = 62C047D01CA3842E0043DC1A /* TableSearchUITests.xctest */;
			productType = "com.apple.product-type.bundle.ui-testing";
		};
/* End PBXNativeTarget section */

/* Begin PBXProject section */
		62C047A91CA3842E0043DC1A /* Project object */ = {
			isa = PBXProject;
			attributes = {
				LastSwiftUpdateCheck = 0730;
				LastUpgradeCheck = 0730;
				ORGANIZATIONNAME = "Alexis Digital";
				TargetAttributes = {
					62C047B01CA3842E0043DC1A = {
						CreatedOnToolsVersion = 7.3;
					};
					62C047C41CA3842E0043DC1A = {
						CreatedOnToolsVersion = 7.3;
						TestTargetID = 62C047B01CA3842E0043DC1A;
					};
					62C047CF1CA3842E0043DC1A = {
						CreatedOnToolsVersion = 7.3;
						TestTargetID = 62C047B01CA3842E0043DC1A;
					};
				};
			};
			buildConfigurationList = 62C047AC1CA3842E0043DC1A /* Build configuration list for PBXProject "TableSearch" */;
			compatibilityVersion = "Xcode 3.2";
			developmentRegion = English;
			hasScannedForEncodings = 0;
			knownRegions = (
				en,
				Base,
			);
			mainGroup = 62C047A81CA3842E0043DC1A;
			productRefGroup = 62C047B21CA3842E0043DC1A /* Products */;
			projectDirPath = "";
			projectRoot = "";
			targets = (
				62C047B01CA3842E0043DC1A /* TableSearch */,
				62C047C41CA3842E0043DC1A /* TableSearchTests */,
				62C047CF1CA3842E0043DC1A /* TableSearchUITests */,
			);
		};
/* End PBXProject section */

/* Begin PBXResourcesBuildPhase section */
		62C047AF1CA3842E0043DC1A /* Resources */ = {
			isa = PBXResourcesBuildPhase;
			buildActionMask = 2147483647;
			files = (
				62C047BF1CA3842E0043DC1A /* LaunchScreen.storyboard in Resources */,
				62C047BC1CA3842E0043DC1A /* Assets.xcassets in Resources */,
				62C047BA1CA3842E0043DC1A /* Main.storyboard in Resources */,
			);
			runOnlyForDeploymentPostprocessing = 0;
		};
		62C047C31CA3842E0043DC1A /* Resources */ = {
			isa = PBXResourcesBuildPhase;
			buildActionMask = 2147483647;
			files = (
			);
			runOnlyForDeploymentPostprocessing = 0;
		};
		62C047CE1CA3842E0043DC1A /* Resources */ = {
			isa = PBXResourcesBuildPhase;
			buildActionMask = 2147483647;
			files = (
			);
			runOnlyForDeploymentPostprocessing = 0;
		};
/* End PBXResourcesBuildPhase section */

/* Begin PBXSourcesBuildPhase section */
		62C047AD1CA3842E0043DC1A /* Sources */ = {
			isa = PBXSourcesBuildPhase;
			buildActionMask = 2147483647;
			files = (
				36F115E11CA4888600917EAB /* DataSource.swift in Sources */,
				62C047B71CA3842E0043DC1A /* CocktailController.swift in Sources */,
				624A5F931CA38A4500D20B52 /* CocktailTableViewModel.swift in Sources */,
				62549FC71CA5CFD700428B91 /* ContainerController.swift in Sources */,
				624A5F8E1CA3856D00D20B52 /* CocktailTableViewController.swift in Sources */,
				62C047B51CA3842E0043DC1A /* AppDelegate.swift in Sources */,
				36F115DF1CA4268700917EAB /* Spirit.swift in Sources */,
				624A5F911CA385FF00D20B52 /* Cocktail.swift in Sources */,
			);
			runOnlyForDeploymentPostprocessing = 0;
		};
		62C047C11CA3842E0043DC1A /* Sources */ = {
			isa = PBXSourcesBuildPhase;
			buildActionMask = 2147483647;
			files = (
				62C047CA1CA3842E0043DC1A /* TableSearchTests.swift in Sources */,
			);
			runOnlyForDeploymentPostprocessing = 0;
		};
		62C047CC1CA3842E0043DC1A /* Sources */ = {
			isa = PBXSourcesBuildPhase;
			buildActionMask = 2147483647;
			files = (
				62C047D51CA3842E0043DC1A /* TableSearchUITests.swift in Sources */,
			);
			runOnlyForDeploymentPostprocessing = 0;
		};
/* End PBXSourcesBuildPhase section */

/* Begin PBXTargetDependency section */
		62C047C71CA3842E0043DC1A /* PBXTargetDependency */ = {
			isa = PBXTargetDependency;
			target = 62C047B01CA3842E0043DC1A /* TableSearch */;
			targetProxy = 62C047C61CA3842E0043DC1A /* PBXContainerItemProxy */;
		};
		62C047D21CA3842E0043DC1A /* PBXTargetDependency */ = {
			isa = PBXTargetDependency;
			target = 62C047B01CA3842E0043DC1A /* TableSearch */;
			targetProxy = 62C047D11CA3842E0043DC1A /* PBXContainerItemProxy */;
		};
/* End PBXTargetDependency section */

/* Begin PBXVariantGroup section */
		62C047B81CA3842E0043DC1A /* Main.storyboard */ = {
			isa = PBXVariantGroup;
			children = (
				62C047B91CA3842E0043DC1A /* Base */,
			);
			name = Main.storyboard;
			path = .;
			sourceTree = "<group>";
		};
		62C047BD1CA3842E0043DC1A /* LaunchScreen.storyboard */ = {
			isa = PBXVariantGroup;
			children = (
				62C047BE1CA3842E0043DC1A /* Base */,
			);
			name = LaunchScreen.storyboard;
			path = .;
			sourceTree = "<group>";
		};
/* End PBXVariantGroup section */

/* Begin XCBuildConfiguration section */
		62C047D71CA3842E0043DC1A /* Debug */ = {
			isa = XCBuildConfiguration;
			buildSettings = {
				ALWAYS_SEARCH_USER_PATHS = NO;
				CLANG_ANALYZER_NONNULL = YES;
				CLANG_CXX_LANGUAGE_STANDARD = "gnu++0x";
				CLANG_CXX_LIBRARY = "libc++";
				CLANG_ENABLE_MODULES = YES;
				CLANG_ENABLE_OBJC_ARC = YES;
				CLANG_WARN_BOOL_CONVERSION = YES;
				CLANG_WARN_CONSTANT_CONVERSION = YES;
				CLANG_WARN_DIRECT_OBJC_ISA_USAGE = YES_ERROR;
				CLANG_WARN_EMPTY_BODY = YES;
				CLANG_WARN_ENUM_CONVERSION = YES;
				CLANG_WARN_INT_CONVERSION = YES;
				CLANG_WARN_OBJC_ROOT_CLASS = YES_ERROR;
				CLANG_WARN_UNREACHABLE_CODE = YES;
				CLANG_WARN__DUPLICATE_METHOD_MATCH = YES;
				"CODE_SIGN_IDENTITY[sdk=iphoneos*]" = "iPhone Developer";
				COPY_PHASE_STRIP = NO;
				DEBUG_INFORMATION_FORMAT = dwarf;
				ENABLE_STRICT_OBJC_MSGSEND = YES;
				ENABLE_TESTABILITY = YES;
				GCC_C_LANGUAGE_STANDARD = gnu99;
				GCC_DYNAMIC_NO_PIC = NO;
				GCC_NO_COMMON_BLOCKS = YES;
				GCC_OPTIMIZATION_LEVEL = 0;
				GCC_PREPROCESSOR_DEFINITIONS = (
					"DEBUG=1",
					"$(inherited)",
				);
				GCC_WARN_64_TO_32_BIT_CONVERSION = YES;
				GCC_WARN_ABOUT_RETURN_TYPE = YES_ERROR;
				GCC_WARN_UNDECLARED_SELECTOR = YES;
				GCC_WARN_UNINITIALIZED_AUTOS = YES_AGGRESSIVE;
				GCC_WARN_UNUSED_FUNCTION = YES;
				GCC_WARN_UNUSED_VARIABLE = YES;
				IPHONEOS_DEPLOYMENT_TARGET = 9.3;
				MTL_ENABLE_DEBUG_INFO = YES;
				ONLY_ACTIVE_ARCH = YES;
				SDKROOT = iphoneos;
				SWIFT_OPTIMIZATION_LEVEL = "-Onone";
				TARGETED_DEVICE_FAMILY = "1,2";
			};
			name = Debug;
		};
		62C047D81CA3842E0043DC1A /* Release */ = {
			isa = XCBuildConfiguration;
			buildSettings = {
				ALWAYS_SEARCH_USER_PATHS = NO;
				CLANG_ANALYZER_NONNULL = YES;
				CLANG_CXX_LANGUAGE_STANDARD = "gnu++0x";
				CLANG_CXX_LIBRARY = "libc++";
				CLANG_ENABLE_MODULES = YES;
				CLANG_ENABLE_OBJC_ARC = YES;
				CLANG_WARN_BOOL_CONVERSION = YES;
				CLANG_WARN_CONSTANT_CONVERSION = YES;
				CLANG_WARN_DIRECT_OBJC_ISA_USAGE = YES_ERROR;
				CLANG_WARN_EMPTY_BODY = YES;
				CLANG_WARN_ENUM_CONVERSION = YES;
				CLANG_WARN_INT_CONVERSION = YES;
				CLANG_WARN_OBJC_ROOT_CLASS = YES_ERROR;
				CLANG_WARN_UNREACHABLE_CODE = YES;
				CLANG_WARN__DUPLICATE_METHOD_MATCH = YES;
				"CODE_SIGN_IDENTITY[sdk=iphoneos*]" = "iPhone Developer";
				COPY_PHASE_STRIP = NO;
				DEBUG_INFORMATION_FORMAT = "dwarf-with-dsym";
				ENABLE_NS_ASSERTIONS = NO;
				ENABLE_STRICT_OBJC_MSGSEND = YES;
				GCC_C_LANGUAGE_STANDARD = gnu99;
				GCC_NO_COMMON_BLOCKS = YES;
				GCC_WARN_64_TO_32_BIT_CONVERSION = YES;
				GCC_WARN_ABOUT_RETURN_TYPE = YES_ERROR;
				GCC_WARN_UNDECLARED_SELECTOR = YES;
				GCC_WARN_UNINITIALIZED_AUTOS = YES_AGGRESSIVE;
				GCC_WARN_UNUSED_FUNCTION = YES;
				GCC_WARN_UNUSED_VARIABLE = YES;
				IPHONEOS_DEPLOYMENT_TARGET = 9.3;
				MTL_ENABLE_DEBUG_INFO = NO;
				SDKROOT = iphoneos;
				TARGETED_DEVICE_FAMILY = "1,2";
				VALIDATE_PRODUCT = YES;
			};
			name = Release;
		};
		62C047DA1CA3842E0043DC1A /* Debug */ = {
			isa = XCBuildConfiguration;
			buildSettings = {
				ASSETCATALOG_COMPILER_APPICON_NAME = AppIcon;
				INFOPLIST_FILE = "$(SRCROOT)/SupportFiles/Info.plist";
				IPHONEOS_DEPLOYMENT_TARGET = 9.3;
				LD_RUNPATH_SEARCH_PATHS = "$(inherited) @executable_path/Frameworks";
				PRODUCT_BUNDLE_IDENTIFIER = com.alexisdigital.TableSearch;
				PRODUCT_NAME = "$(TARGET_NAME)";
			};
			name = Debug;
		};
		62C047DB1CA3842E0043DC1A /* Release */ = {
			isa = XCBuildConfiguration;
			buildSettings = {
				ASSETCATALOG_COMPILER_APPICON_NAME = AppIcon;
				INFOPLIST_FILE = "$(SRCROOT)/SupportFiles/Info.plist";
				IPHONEOS_DEPLOYMENT_TARGET = 9.3;
				LD_RUNPATH_SEARCH_PATHS = "$(inherited) @executable_path/Frameworks";
				PRODUCT_BUNDLE_IDENTIFIER = com.alexisdigital.TableSearch;
				PRODUCT_NAME = "$(TARGET_NAME)";
			};
			name = Release;
		};
		62C047DD1CA3842E0043DC1A /* Debug */ = {
			isa = XCBuildConfiguration;
			buildSettings = {
				BUNDLE_LOADER = "$(TEST_HOST)";
				INFOPLIST_FILE = Tests/UnitTests/Info.plist;
				LD_RUNPATH_SEARCH_PATHS = "$(inherited) @executable_path/Frameworks @loader_path/Frameworks";
				PRODUCT_BUNDLE_IDENTIFIER = com.alexisdigital.TableSearchTests;
				PRODUCT_NAME = "$(TARGET_NAME)";
				TEST_HOST = "$(BUILT_PRODUCTS_DIR)/TableSearch.app/TableSearch";
			};
			name = Debug;
		};
		62C047DE1CA3842E0043DC1A /* Release */ = {
			isa = XCBuildConfiguration;
			buildSettings = {
				BUNDLE_LOADER = "$(TEST_HOST)";
				INFOPLIST_FILE = Tests/UnitTests/Info.plist;
				LD_RUNPATH_SEARCH_PATHS = "$(inherited) @executable_path/Frameworks @loader_path/Frameworks";
				PRODUCT_BUNDLE_IDENTIFIER = com.alexisdigital.TableSearchTests;
				PRODUCT_NAME = "$(TARGET_NAME)";
				TEST_HOST = "$(BUILT_PRODUCTS_DIR)/TableSearch.app/TableSearch";
			};
			name = Release;
		};
		62C047E01CA3842E0043DC1A /* Debug */ = {
			isa = XCBuildConfiguration;
			buildSettings = {
				INFOPLIST_FILE = Tests/UITests/Info.plist;
				LD_RUNPATH_SEARCH_PATHS = "$(inherited) @executable_path/Frameworks @loader_path/Frameworks";
				PRODUCT_BUNDLE_IDENTIFIER = com.alexisdigital.TableSearchUITests;
				PRODUCT_NAME = "$(TARGET_NAME)";
				TEST_TARGET_NAME = TableSearch;
			};
			name = Debug;
		};
		62C047E11CA3842E0043DC1A /* Release */ = {
			isa = XCBuildConfiguration;
			buildSettings = {
				INFOPLIST_FILE = Tests/UITests/Info.plist;
				LD_RUNPATH_SEARCH_PATHS = "$(inherited) @executable_path/Frameworks @loader_path/Frameworks";
				PRODUCT_BUNDLE_IDENTIFIER = com.alexisdigital.TableSearchUITests;
				PRODUCT_NAME = "$(TARGET_NAME)";
				TEST_TARGET_NAME = TableSearch;
			};
			name = Release;
		};
/* End XCBuildConfiguration section */

/* Begin XCConfigurationList section */
		62C047AC1CA3842E0043DC1A /* Build configuration list for PBXProject "TableSearch" */ = {
			isa = XCConfigurationList;
			buildConfigurations = (
				62C047D71CA3842E0043DC1A /* Debug */,
				62C047D81CA3842E0043DC1A /* Release */,
			);
			defaultConfigurationIsVisible = 0;
			defaultConfigurationName = Release;
		};
		62C047D91CA3842E0043DC1A /* Build configuration list for PBXNativeTarget "TableSearch" */ = {
			isa = XCConfigurationList;
			buildConfigurations = (
				62C047DA1CA3842E0043DC1A /* Debug */,
				62C047DB1CA3842E0043DC1A /* Release */,
			);
			defaultConfigurationIsVisible = 0;
			defaultConfigurationName = Release;
		};
		62C047DC1CA3842E0043DC1A /* Build configuration list for PBXNativeTarget "TableSearchTests" */ = {
			isa = XCConfigurationList;
			buildConfigurations = (
				62C047DD1CA3842E0043DC1A /* Debug */,
				62C047DE1CA3842E0043DC1A /* Release */,
			);
			defaultConfigurationIsVisible = 0;
			defaultConfigurationName = Release;
		};
		62C047DF1CA3842E0043DC1A /* Build configuration list for PBXNativeTarget "TableSearchUITests" */ = {
			isa = XCConfigurationList;
			buildConfigurations = (
				62C047E01CA3842E0043DC1A /* Debug */,
				62C047E11CA3842E0043DC1A /* Release */,
			);
			defaultConfigurationIsVisible = 0;
			defaultConfigurationName = Release;
		};
/* End XCConfigurationList section */
	};
	rootObject = 62C047A91CA3842E0043DC1A /* Project object */;
}
